{
  "nodes": {
    "cargo2nix": {
      "inputs": {
        "flake-compat": "flake-compat",
        "flake-utils": "flake-utils",
        "nixpkgs": "nixpkgs",
        "rust-overlay": "rust-overlay"
      },
      "locked": {
        "lastModified": 1655189312,
        "narHash": "sha256-gpJ57OgIebUpO+7F00VltxSEy6dz2x6HeJ5BcRM8rDA=",
        "owner": "cargo2nix",
        "repo": "cargo2nix",
        "rev": "c149357cc3d17f2849c73eb7a09d07a307cdcfe8",
        "type": "github"
      },
      "original": {
        "owner": "cargo2nix",
        "repo": "cargo2nix",
        "type": "github"
      }
    },
    "flake-compat": {
      "flake": false,
      "locked": {
        "lastModified": 1650374568,
        "narHash": "sha256-Z+s0J8/r907g149rllvwhb4pKi8Wam5ij0st8PwAh+E=",
        "owner": "edolstra",
        "repo": "flake-compat",
        "rev": "b4a34015c698c7793d592d66adbab377907a2be8",
        "type": "github"
      },
      "original": {
        "owner": "edolstra",
        "repo": "flake-compat",
        "type": "github"
      }
    },
    "flake-utils": {
      "locked": {
        "lastModified": 1653893745,
        "narHash": "sha256-0jntwV3Z8//YwuOjzhV2sgJJPt+HY6KhU7VZUL0fKZQ=",
        "owner": "numtide",
        "repo": "flake-utils",
        "rev": "1ed9fb1935d260de5fe1c2f7ee0ebaae17ed2fa1",
        "type": "github"
      },
      "original": {
        "owner": "numtide",
        "repo": "flake-utils",
        "type": "github"
      }
    },
    "flake-utils_2": {
      "locked": {
        "lastModified": 1676283394,
        "narHash": "sha256-XX2f9c3iySLCw54rJ/CZs+ZK6IQy7GXNY4nSOyu2QG4=",
        "owner": "numtide",
        "repo": "flake-utils",
        "rev": "3db36a8b464d0c4532ba1c7dda728f4576d6d073",
        "type": "github"
      },
      "original": {
        "owner": "numtide",
        "repo": "flake-utils",
        "type": "github"
      }
    },
    "nixpkgs": {
      "locked": {
        "lastModified": 1654275867,
        "narHash": "sha256-pt14ZE4jVPGvfB2NynGsl34pgXfOqum5YJNpDK4+b9E=",
        "owner": "nixos",
        "repo": "nixpkgs",
        "rev": "7a20c208aacf4964c19186dcad51f89165dc7ed0",
        "type": "github"
      },
      "original": {
        "owner": "nixos",
        "ref": "release-22.05",
        "repo": "nixpkgs",
        "type": "github"
      }
    },
    "nixpkgs_2": {
      "locked": {
        "lastModified": 1677624842,
        "narHash": "sha256-4DF9DbDuK4/+KYx0L6XcPBeDHUFVCtzok2fWtwXtb5w=",
        "owner": "NixOS",
        "repo": "nixpkgs",
        "rev": "d70f5cd5c3bef45f7f52698f39e7cc7a89daa7f0",
        "type": "github"
      },
      "original": {
        "owner": "NixOS",
        "ref": "nixos-22.11",
        "repo": "nixpkgs",
        "type": "github"
      }
    },
    "root": {
      "inputs": {
        "cargo2nix": "cargo2nix",
        "flake-utils": "flake-utils_2",
        "nixpkgs": "nixpkgs_2",
        "unstable": "unstable"
      }
    },
    "rust-overlay": {
      "inputs": {
        "flake-utils": [
          "cargo2nix",
          "flake-utils"
        ],
        "nixpkgs": [
          "cargo2nix",
          "nixpkgs"
        ]
      },
      "locked": {
        "lastModified": 1653878966,
        "narHash": "sha256-T51Gck/vrJZi1m+uTbhEFTRgZmE59sydVONadADv358=",
        "owner": "oxalica",
        "repo": "rust-overlay",
        "rev": "8526d618af012a923ca116be9603e818b502a8db",
        "type": "github"
      },
      "original": {
        "owner": "oxalica",
        "repo": "rust-overlay",
        "type": "github"
      }
    },
    "unstable": {
      "locked": {
        "lastModified": 1677587185,
        "narHash": "sha256-zYT66MAYwctAQqI5VBw3LbBXiSKdB8vuMAqCGG8onbE=",
        "owner": "NixOS",
        "repo": "nixpkgs",
        "rev": "68196a61c26748d3e53a6803de3d2f8c69f27831",
        "type": "github"
      },
      "original": {
        "owner": "NixOS",
        "ref": "nixos-unstable",
        "repo": "nixpkgs",
        "type": "github"
      }
    }
  },
  "root": "root",
  "version": 7
}
